
Microsoft Visual Studio Solution File, Format Version 12.00
# Visual Studio Version 17
VisualStudioVersion = 17.2.32602.215
MinimumVisualStudioVersion = 10.0.40219.1
Project("{9A19103F-16F7-4668-BE54-9A1E7A4F7556}") = "ProjektniZadatak", "ProjektniZadatak.csproj", "{988B72E9-08C4-45B3-986D-67980071A015}"
EndProject
Project("{2150E333-8FDC-42A3-9474-1A3956D46DE8}") = "Solution Items", "Solution Items", "{616FDEAA-5A80-4847-B1E4-3FA783086EF6}"
	ProjectSection(SolutionItems) = preProject
		.editorconfig = .editorconfig
	EndProjectSection
EndProject
Global
	GlobalSection(SolutionConfigurationPlatforms) = preSolution
		Debug|Any CPU = Debug|Any CPU
		Release|Any CPU = Release|Any CPU
	EndGlobalSection
	GlobalSection(ProjectConfigurationPlatforms) = postSolution
		{988B72E9-08C4-45B3-986D-67980071A015}.Debug|Any CPU.ActiveCfg = Debug|Any CPU
		{988B72E9-08C4-45B3-986D-67980071A015}.Debug|Any CPU.Build.0 = Debug|Any CPU
		{988B72E9-08C4-45B3-986D-67980071A015}.Release|Any CPU.ActiveCfg = Release|Any CPU
		{988B72E9-08C4-45B3-986D-67980071A015}.Release|Any CPU.Build.0 = Release|Any CPU
	EndGlobalSection
	GlobalSection(SolutionProperties) = preSolution
		HideSolutionNode = FALSE
	EndGlobalSection
	GlobalSection(ExtensibilityGlobals) = postSolution
		SolutionGuid = {7E52A15E-52A4-4564-ADC6-4F8199C737A5}
	EndGlobalSection
EndGlobal
